
Microsoft Visual Studio Solution File, Format Version 12.00
# Visual Studio 14
VisualStudioVersion = 14.0.25420.1
MinimumVisualStudioVersion = 10.0.40219.1
Project("{2150E333-8FDC-42A3-9474-1A3956D46DE8}") = "1 - Presentation Layer", "1 - Presentation Layer", "{31846C02-C94C-4DD6-9524-C27CD1C82E2B}"
EndProject
Project("{FAE04EC0-301F-11D3-BF4B-00C04F79EFBC}") = "WebLayer", "WebLayer\WebLayer.csproj", "{FA310BFE-F92D-469F-B788-FF60324C9C19}"
EndProject
Project("{2150E333-8FDC-42A3-9474-1A3956D46DE8}") = "2 - Business Layer", "2 - Business Layer", "{D98C60B0-FBC5-4A91-AAB2-0B0FD0AE9FDB}"
EndProject
Project("{2150E333-8FDC-42A3-9474-1A3956D46DE8}") = "3 - Services Layer", "3 - Services Layer", "{6A33BAEB-6CD3-4C16-8484-AAADBFBC5ED9}"
EndProject
Project("{2150E333-8FDC-42A3-9474-1A3956D46DE8}") = "4 - DataAccess Layer", "4 - DataAccess Layer", "{7D5591EC-CC3D-4ED8-91B9-DDA72222BF67}"
EndProject
Project("{FAE04EC0-301F-11D3-BF4B-00C04F79EFBC}") = "PackingData.Business", "PackingData.Business\PackingData.Business.csproj", "{1D419EAF-66E5-4465-A398-C09DC977B88C}"
EndProject
Project("{FAE04EC0-301F-11D3-BF4B-00C04F79EFBC}") = "PackingData.DataAccess", "PackingData.DataAccess\PackingData.DataAccess.csproj", "{4074FAB0-9D2B-4D2B-BB45-0169632EE09B}"
EndProject
Project("{FAE04EC0-301F-11D3-BF4B-00C04F79EFBC}") = "PackingData.Common", "PackingData.Common\PackingData.Common.csproj", "{AA3209BE-71DB-4D2D-AD27-F89E6B5B1C41}"
EndProject
Global
	GlobalSection(SolutionConfigurationPlatforms) = preSolution
		Debug|Any CPU = Debug|Any CPU
		Release|Any CPU = Release|Any CPU
	EndGlobalSection
	GlobalSection(ProjectConfigurationPlatforms) = postSolution
		{FA310BFE-F92D-469F-B788-FF60324C9C19}.Debug|Any CPU.ActiveCfg = Debug|Any CPU
		{FA310BFE-F92D-469F-B788-FF60324C9C19}.Debug|Any CPU.Build.0 = Debug|Any CPU
		{FA310BFE-F92D-469F-B788-FF60324C9C19}.Release|Any CPU.ActiveCfg = Release|Any CPU
		{FA310BFE-F92D-469F-B788-FF60324C9C19}.Release|Any CPU.Build.0 = Release|Any CPU
		{1D419EAF-66E5-4465-A398-C09DC977B88C}.Debug|Any CPU.ActiveCfg = Debug|Any CPU
		{1D419EAF-66E5-4465-A398-C09DC977B88C}.Debug|Any CPU.Build.0 = Debug|Any CPU
		{1D419EAF-66E5-4465-A398-C09DC977B88C}.Release|Any CPU.ActiveCfg = Release|Any CPU
		{1D419EAF-66E5-4465-A398-C09DC977B88C}.Release|Any CPU.Build.0 = Release|Any CPU
		{4074FAB0-9D2B-4D2B-BB45-0169632EE09B}.Debug|Any CPU.ActiveCfg = Debug|Any CPU
		{4074FAB0-9D2B-4D2B-BB45-0169632EE09B}.Debug|Any CPU.Build.0 = Debug|Any CPU
		{4074FAB0-9D2B-4D2B-BB45-0169632EE09B}.Release|Any CPU.ActiveCfg = Release|Any CPU
		{4074FAB0-9D2B-4D2B-BB45-0169632EE09B}.Release|Any CPU.Build.0 = Release|Any CPU
		{AA3209BE-71DB-4D2D-AD27-F89E6B5B1C41}.Debug|Any CPU.ActiveCfg = Debug|Any CPU
		{AA3209BE-71DB-4D2D-AD27-F89E6B5B1C41}.Debug|Any CPU.Build.0 = Debug|Any CPU
		{AA3209BE-71DB-4D2D-AD27-F89E6B5B1C41}.Release|Any CPU.ActiveCfg = Release|Any CPU
		{AA3209BE-71DB-4D2D-AD27-F89E6B5B1C41}.Release|Any CPU.Build.0 = Release|Any CPU
	EndGlobalSection
	GlobalSection(SolutionProperties) = preSolution
		HideSolutionNode = FALSE
	EndGlobalSection
	GlobalSection(NestedProjects) = preSolution
		{FA310BFE-F92D-469F-B788-FF60324C9C19} = {31846C02-C94C-4DD6-9524-C27CD1C82E2B}
		{1D419EAF-66E5-4465-A398-C09DC977B88C} = {D98C60B0-FBC5-4A91-AAB2-0B0FD0AE9FDB}
		{4074FAB0-9D2B-4D2B-BB45-0169632EE09B} = {7D5591EC-CC3D-4ED8-91B9-DDA72222BF67}
		{AA3209BE-71DB-4D2D-AD27-F89E6B5B1C41} = {D98C60B0-FBC5-4A91-AAB2-0B0FD0AE9FDB}
	EndGlobalSection
EndGlobal
